
Microsoft Visual Studio Solution File, Format Version 12.00
# Visual Studio 15
VisualStudioVersion = 15.0.27428.2037
MinimumVisualStudioVersion = 10.0.40219.1
Project("{FAE04EC0-301F-11D3-BF4B-00C04F79EFBC}") = "Communication", "ConsoleApp1\Communication.csproj", "{071DC055-78E9-4A54-86F1-8E9E388E990E}"
EndProject
Project("{FAE04EC0-301F-11D3-BF4B-00C04F79EFBC}") = "DepartmentSolver", "WindowsFormsApp1\DepartmentSolver.csproj", "{6B7AC537-6454-4252-A8BD-494242522DAD}"
EndProject
Project("{FAE04EC0-301F-11D3-BF4B-00C04F79EFBC}") = "ITSolver", "ITSolver\ITSolver.csproj", "{0E267F73-5F79-4DB0-AE21-6853982E1FA6}"
EndProject
Project("{FAE04EC0-301F-11D3-BF4B-00C04F79EFBC}") = "EnterpriseWorker", "EnterpriseWorker\EnterpriseWorker.csproj", "{F17B5864-3B20-42A7-B45B-C55C4B1B85E2}"
EndProject
Project("{FAE04EC0-301F-11D3-BF4B-00C04F79EFBC}") = "Register", "Common\Register.csproj", "{FEB58324-0242-463E-8F7D-28638B572E31}"
EndProject
Project("{FAE04EC0-301F-11D3-BF4B-00C04F79EFBC}") = "Login", "Login\Login.csproj", "{F76BE113-7E89-4791-99E9-7865C106A5E6}"
EndProject
Global
	GlobalSection(SolutionConfigurationPlatforms) = preSolution
		Debug|Any CPU = Debug|Any CPU
		Release|Any CPU = Release|Any CPU
	EndGlobalSection
	GlobalSection(ProjectConfigurationPlatforms) = postSolution
		{071DC055-78E9-4A54-86F1-8E9E388E990E}.Debug|Any CPU.ActiveCfg = Debug|Any CPU
		{071DC055-78E9-4A54-86F1-8E9E388E990E}.Debug|Any CPU.Build.0 = Debug|Any CPU
		{071DC055-78E9-4A54-86F1-8E9E388E990E}.Release|Any CPU.ActiveCfg = Release|Any CPU
		{071DC055-78E9-4A54-86F1-8E9E388E990E}.Release|Any CPU.Build.0 = Release|Any CPU
		{6B7AC537-6454-4252-A8BD-494242522DAD}.Debug|Any CPU.ActiveCfg = Debug|Any CPU
		{6B7AC537-6454-4252-A8BD-494242522DAD}.Debug|Any CPU.Build.0 = Debug|Any CPU
		{6B7AC537-6454-4252-A8BD-494242522DAD}.Release|Any CPU.ActiveCfg = Release|Any CPU
		{6B7AC537-6454-4252-A8BD-494242522DAD}.Release|Any CPU.Build.0 = Release|Any CPU
		{0E267F73-5F79-4DB0-AE21-6853982E1FA6}.Debug|Any CPU.ActiveCfg = Debug|Any CPU
		{0E267F73-5F79-4DB0-AE21-6853982E1FA6}.Debug|Any CPU.Build.0 = Debug|Any CPU
		{0E267F73-5F79-4DB0-AE21-6853982E1FA6}.Release|Any CPU.ActiveCfg = Release|Any CPU
		{0E267F73-5F79-4DB0-AE21-6853982E1FA6}.Release|Any CPU.Build.0 = Release|Any CPU
		{F17B5864-3B20-42A7-B45B-C55C4B1B85E2}.Debug|Any CPU.ActiveCfg = Debug|Any CPU
		{F17B5864-3B20-42A7-B45B-C55C4B1B85E2}.Debug|Any CPU.Build.0 = Debug|Any CPU
		{F17B5864-3B20-42A7-B45B-C55C4B1B85E2}.Release|Any CPU.ActiveCfg = Release|Any CPU
		{F17B5864-3B20-42A7-B45B-C55C4B1B85E2}.Release|Any CPU.Build.0 = Release|Any CPU
		{FEB58324-0242-463E-8F7D-28638B572E31}.Debug|Any CPU.ActiveCfg = Debug|Any CPU
		{FEB58324-0242-463E-8F7D-28638B572E31}.Debug|Any CPU.Build.0 = Debug|Any CPU
		{FEB58324-0242-463E-8F7D-28638B572E31}.Release|Any CPU.ActiveCfg = Release|Any CPU
		{FEB58324-0242-463E-8F7D-28638B572E31}.Release|Any CPU.Build.0 = Release|Any CPU
		{F76BE113-7E89-4791-99E9-7865C106A5E6}.Debug|Any CPU.ActiveCfg = Debug|Any CPU
		{F76BE113-7E89-4791-99E9-7865C106A5E6}.Debug|Any CPU.Build.0 = Debug|Any CPU
		{F76BE113-7E89-4791-99E9-7865C106A5E6}.Release|Any CPU.ActiveCfg = Release|Any CPU
		{F76BE113-7E89-4791-99E9-7865C106A5E6}.Release|Any CPU.Build.0 = Release|Any CPU
	EndGlobalSection
	GlobalSection(SolutionProperties) = preSolution
		HideSolutionNode = FALSE
	EndGlobalSection
	GlobalSection(ExtensibilityGlobals) = postSolution
		SolutionGuid = {02545CB7-0B19-447C-B837-AE895D23BE1F}
	EndGlobalSection
EndGlobal
